
Microsoft Visual Studio Solution File, Format Version 12.00
# Visual Studio Version 17
VisualStudioVersion = 17.4.33110.190
MinimumVisualStudioVersion = 10.0.40219.1
Project("{9A19103F-16F7-4668-BE54-9A1E7A4F7556}") = "InvoiceManagementSystem.WebAPI", "InvoiceManagementSystem.WebAPI\InvoiceManagementSystem.WebAPI.csproj", "{DCB4B027-23C7-45F4-8664-D303E5515F66}"
EndProject
Project("{9A19103F-16F7-4668-BE54-9A1E7A4F7556}") = "InvoiceManagementSystem.Entity", "InvoiceManagementSystem.Entity\InvoiceManagementSystem.Entity.csproj", "{0F74A4DE-B5C1-46F9-AEFE-14CF66800126}"
EndProject
Project("{9A19103F-16F7-4668-BE54-9A1E7A4F7556}") = "InvoiceManagementSystem.DataAccess", "InvoiceManagementSystem.DataAccess\InvoiceManagementSystem.DataAccess.csproj", "{E38A5F6C-3EB5-4E69-B0CE-838C9DB47821}"
EndProject
Project("{9A19103F-16F7-4668-BE54-9A1E7A4F7556}") = "InvoiceManagementSystem.Business", "InvoiceManagementSystem.Business\InvoiceManagementSystem.Business.csproj", "{34673FCB-724D-4AEE-9994-EC6A1BEE527C}"
EndProject
Project("{9A19103F-16F7-4668-BE54-9A1E7A4F7556}") = "InvoiceManagementSystem.Core", "InvoiceManagementSystem.Core\InvoiceManagementSystem.Core.csproj", "{3C864B7D-B392-4953-A93B-AA06F69D5015}"
EndProject
Project("{2150E333-8FDC-42A3-9474-1A3956D46DE8}") = "PaymentApi", "PaymentApi", "{A01609E5-A293-4560-AFBE-D9DBAF5B5B7A}"
EndProject
Project("{9A19103F-16F7-4668-BE54-9A1E7A4F7556}") = "InvoiceManagementSystemPaymentApi", "InvoiceManagementSystemPaymentApi\InvoiceManagementSystemPaymentApi.csproj", "{65E7EA49-0F85-40D6-96F5-D804B5B12356}"
EndProject
Project("{9A19103F-16F7-4668-BE54-9A1E7A4F7556}") = "InvoiceManagementSystem.Publishers", "InvoiceManagementSystem.Publishers\InvoiceManagementSystem.Publishers.csproj", "{9A0F3D07-22BF-419D-A6F6-D99B6855880B}"
EndProject
Project("{FAE04EC0-301F-11D3-BF4B-00C04F79EFBC}") = "InvoiceManagementSystemPaymentApi.Subscriber", "InvoiceManagementSystemPaymentApi.Subscriber\InvoiceManagementSystemPaymentApi.Subscriber.csproj", "{30BDF31E-6C8A-4167-8AD5-12CC2EE73B31}"
EndProject
Global
	GlobalSection(SolutionConfigurationPlatforms) = preSolution
		Debug|Any CPU = Debug|Any CPU
		Release|Any CPU = Release|Any CPU
	EndGlobalSection
	GlobalSection(ProjectConfigurationPlatforms) = postSolution
		{DCB4B027-23C7-45F4-8664-D303E5515F66}.Debug|Any CPU.ActiveCfg = Debug|Any CPU
		{DCB4B027-23C7-45F4-8664-D303E5515F66}.Debug|Any CPU.Build.0 = Debug|Any CPU
		{DCB4B027-23C7-45F4-8664-D303E5515F66}.Release|Any CPU.ActiveCfg = Release|Any CPU
		{DCB4B027-23C7-45F4-8664-D303E5515F66}.Release|Any CPU.Build.0 = Release|Any CPU
		{0F74A4DE-B5C1-46F9-AEFE-14CF66800126}.Debug|Any CPU.ActiveCfg = Debug|Any CPU
		{0F74A4DE-B5C1-46F9-AEFE-14CF66800126}.Debug|Any CPU.Build.0 = Debug|Any CPU
		{0F74A4DE-B5C1-46F9-AEFE-14CF66800126}.Release|Any CPU.ActiveCfg = Release|Any CPU
		{0F74A4DE-B5C1-46F9-AEFE-14CF66800126}.Release|Any CPU.Build.0 = Release|Any CPU
		{E38A5F6C-3EB5-4E69-B0CE-838C9DB47821}.Debug|Any CPU.ActiveCfg = Debug|Any CPU
		{E38A5F6C-3EB5-4E69-B0CE-838C9DB47821}.Debug|Any CPU.Build.0 = Debug|Any CPU
		{E38A5F6C-3EB5-4E69-B0CE-838C9DB47821}.Release|Any CPU.ActiveCfg = Release|Any CPU
		{E38A5F6C-3EB5-4E69-B0CE-838C9DB47821}.Release|Any CPU.Build.0 = Release|Any CPU
		{34673FCB-724D-4AEE-9994-EC6A1BEE527C}.Debug|Any CPU.ActiveCfg = Debug|Any CPU
		{34673FCB-724D-4AEE-9994-EC6A1BEE527C}.Debug|Any CPU.Build.0 = Debug|Any CPU
		{34673FCB-724D-4AEE-9994-EC6A1BEE527C}.Release|Any CPU.ActiveCfg = Release|Any CPU
		{34673FCB-724D-4AEE-9994-EC6A1BEE527C}.Release|Any CPU.Build.0 = Release|Any CPU
		{3C864B7D-B392-4953-A93B-AA06F69D5015}.Debug|Any CPU.ActiveCfg = Debug|Any CPU
		{3C864B7D-B392-4953-A93B-AA06F69D5015}.Debug|Any CPU.Build.0 = Debug|Any CPU
		{3C864B7D-B392-4953-A93B-AA06F69D5015}.Release|Any CPU.ActiveCfg = Release|Any CPU
		{3C864B7D-B392-4953-A93B-AA06F69D5015}.Release|Any CPU.Build.0 = Release|Any CPU
		{65E7EA49-0F85-40D6-96F5-D804B5B12356}.Debug|Any CPU.ActiveCfg = Debug|Any CPU
		{65E7EA49-0F85-40D6-96F5-D804B5B12356}.Debug|Any CPU.Build.0 = Debug|Any CPU
		{65E7EA49-0F85-40D6-96F5-D804B5B12356}.Release|Any CPU.ActiveCfg = Release|Any CPU
		{65E7EA49-0F85-40D6-96F5-D804B5B12356}.Release|Any CPU.Build.0 = Release|Any CPU
		{9A0F3D07-22BF-419D-A6F6-D99B6855880B}.Debug|Any CPU.ActiveCfg = Debug|Any CPU
		{9A0F3D07-22BF-419D-A6F6-D99B6855880B}.Debug|Any CPU.Build.0 = Debug|Any CPU
		{9A0F3D07-22BF-419D-A6F6-D99B6855880B}.Release|Any CPU.ActiveCfg = Release|Any CPU
		{9A0F3D07-22BF-419D-A6F6-D99B6855880B}.Release|Any CPU.Build.0 = Release|Any CPU
		{30BDF31E-6C8A-4167-8AD5-12CC2EE73B31}.Debug|Any CPU.ActiveCfg = Debug|Any CPU
		{30BDF31E-6C8A-4167-8AD5-12CC2EE73B31}.Debug|Any CPU.Build.0 = Debug|Any CPU
		{30BDF31E-6C8A-4167-8AD5-12CC2EE73B31}.Release|Any CPU.ActiveCfg = Release|Any CPU
		{30BDF31E-6C8A-4167-8AD5-12CC2EE73B31}.Release|Any CPU.Build.0 = Release|Any CPU
	EndGlobalSection
	GlobalSection(SolutionProperties) = preSolution
		HideSolutionNode = FALSE
	EndGlobalSection
	GlobalSection(NestedProjects) = preSolution
		{65E7EA49-0F85-40D6-96F5-D804B5B12356} = {A01609E5-A293-4560-AFBE-D9DBAF5B5B7A}
		{30BDF31E-6C8A-4167-8AD5-12CC2EE73B31} = {A01609E5-A293-4560-AFBE-D9DBAF5B5B7A}
	EndGlobalSection
	GlobalSection(ExtensibilityGlobals) = postSolution
		SolutionGuid = {E01E7CE6-7926-4A86-B1EC-BD0139C15B9B}
	EndGlobalSection
EndGlobal
