
Microsoft Visual Studio Solution File, Format Version 12.00
# Visual Studio Version 17
VisualStudioVersion = 17.5.33424.131
MinimumVisualStudioVersion = 10.0.40219.1
Project("{FAE04EC0-301F-11D3-BF4B-00C04F79EFBC}") = "InvoiceManagementSystemPaymentServices.Listener", "InvoiceManagementSystemPaymentServices.Listener\InvoiceManagementSystemPaymentServices.Listener.csproj", "{C98B0413-CCDB-4B12-ADF6-A45F850545F5}"
EndProject
Project("{FAE04EC0-301F-11D3-BF4B-00C04F79EFBC}") = "InvoiceManagementSystemPaymentServices.Subscriber", "InvoiceManagementSystemPaymentServices.Subscriber\InvoiceManagementSystemPaymentServices.Subscriber.csproj", "{E5915050-41F2-402C-ABE1-8CDC195F39E0}"
EndProject
Global
	GlobalSection(SolutionConfigurationPlatforms) = preSolution
		Debug|Any CPU = Debug|Any CPU
		Release|Any CPU = Release|Any CPU
	EndGlobalSection
	GlobalSection(ProjectConfigurationPlatforms) = postSolution
		{C98B0413-CCDB-4B12-ADF6-A45F850545F5}.Debug|Any CPU.ActiveCfg = Debug|Any CPU
		{C98B0413-CCDB-4B12-ADF6-A45F850545F5}.Debug|Any CPU.Build.0 = Debug|Any CPU
		{C98B0413-CCDB-4B12-ADF6-A45F850545F5}.Release|Any CPU.ActiveCfg = Release|Any CPU
		{C98B0413-CCDB-4B12-ADF6-A45F850545F5}.Release|Any CPU.Build.0 = Release|Any CPU
		{E5915050-41F2-402C-ABE1-8CDC195F39E0}.Debug|Any CPU.ActiveCfg = Debug|Any CPU
		{E5915050-41F2-402C-ABE1-8CDC195F39E0}.Debug|Any CPU.Build.0 = Debug|Any CPU
		{E5915050-41F2-402C-ABE1-8CDC195F39E0}.Release|Any CPU.ActiveCfg = Release|Any CPU
		{E5915050-41F2-402C-ABE1-8CDC195F39E0}.Release|Any CPU.Build.0 = Release|Any CPU
	EndGlobalSection
	GlobalSection(SolutionProperties) = preSolution
		HideSolutionNode = FALSE
	EndGlobalSection
	GlobalSection(ExtensibilityGlobals) = postSolution
		SolutionGuid = {9505C5EF-9B94-440B-A3BF-5F4D1D88C199}
	EndGlobalSection
EndGlobal
